
Microsoft Visual Studio Solution File, Format Version 12.00
# Visual Studio Express 2012 for Windows Desktop
Project("{FAE04EC0-301F-11D3-BF4B-00C04F79EFBC}") = "1. Garden", "1. Garden\1. Garden.csproj", "{11A46855-345E-42D9-9C74-2F6768CC8633}"
EndProject
Project("{FAE04EC0-301F-11D3-BF4B-00C04F79EFBC}") = "2. Secrets", "2. Secrets\2. Secrets.csproj", "{983DC904-B8F3-473B-ADB5-B9BF8E826A80}"
EndProject
Project("{FAE04EC0-301F-11D3-BF4B-00C04F79EFBC}") = "3. CardWars", "3. CardWars\3. CardWars.csproj", "{A99A24AB-7990-4166-9C2E-9FB9179B518F}"
EndProject
Project("{FAE04EC0-301F-11D3-BF4B-00C04F79EFBC}") = "4. BatGoikoTower", "4. BatGoikoTower\4. BatGoikoTower.csproj", "{44B1BF83-3ECF-49F3-B194-DDC0CD5D2C21}"
EndProject
Project("{FAE04EC0-301F-11D3-BF4B-00C04F79EFBC}") = "5. Bittris", "5. Bittris\5. Bittris.csproj", "{DA130067-112C-48A0-A6D1-EEE112C37454}"
EndProject
Global
	GlobalSection(SolutionConfigurationPlatforms) = preSolution
		Debug|Any CPU = Debug|Any CPU
		Release|Any CPU = Release|Any CPU
	EndGlobalSection
	GlobalSection(ProjectConfigurationPlatforms) = postSolution
		{11A46855-345E-42D9-9C74-2F6768CC8633}.Debug|Any CPU.ActiveCfg = Debug|Any CPU
		{11A46855-345E-42D9-9C74-2F6768CC8633}.Debug|Any CPU.Build.0 = Debug|Any CPU
		{11A46855-345E-42D9-9C74-2F6768CC8633}.Release|Any CPU.ActiveCfg = Release|Any CPU
		{11A46855-345E-42D9-9C74-2F6768CC8633}.Release|Any CPU.Build.0 = Release|Any CPU
		{983DC904-B8F3-473B-ADB5-B9BF8E826A80}.Debug|Any CPU.ActiveCfg = Debug|Any CPU
		{983DC904-B8F3-473B-ADB5-B9BF8E826A80}.Debug|Any CPU.Build.0 = Debug|Any CPU
		{983DC904-B8F3-473B-ADB5-B9BF8E826A80}.Release|Any CPU.ActiveCfg = Release|Any CPU
		{983DC904-B8F3-473B-ADB5-B9BF8E826A80}.Release|Any CPU.Build.0 = Release|Any CPU
		{A99A24AB-7990-4166-9C2E-9FB9179B518F}.Debug|Any CPU.ActiveCfg = Debug|Any CPU
		{A99A24AB-7990-4166-9C2E-9FB9179B518F}.Debug|Any CPU.Build.0 = Debug|Any CPU
		{A99A24AB-7990-4166-9C2E-9FB9179B518F}.Release|Any CPU.ActiveCfg = Release|Any CPU
		{A99A24AB-7990-4166-9C2E-9FB9179B518F}.Release|Any CPU.Build.0 = Release|Any CPU
		{44B1BF83-3ECF-49F3-B194-DDC0CD5D2C21}.Debug|Any CPU.ActiveCfg = Debug|Any CPU
		{44B1BF83-3ECF-49F3-B194-DDC0CD5D2C21}.Debug|Any CPU.Build.0 = Debug|Any CPU
		{44B1BF83-3ECF-49F3-B194-DDC0CD5D2C21}.Release|Any CPU.ActiveCfg = Release|Any CPU
		{44B1BF83-3ECF-49F3-B194-DDC0CD5D2C21}.Release|Any CPU.Build.0 = Release|Any CPU
		{DA130067-112C-48A0-A6D1-EEE112C37454}.Debug|Any CPU.ActiveCfg = Debug|Any CPU
		{DA130067-112C-48A0-A6D1-EEE112C37454}.Debug|Any CPU.Build.0 = Debug|Any CPU
		{DA130067-112C-48A0-A6D1-EEE112C37454}.Release|Any CPU.ActiveCfg = Release|Any CPU
		{DA130067-112C-48A0-A6D1-EEE112C37454}.Release|Any CPU.Build.0 = Release|Any CPU
	EndGlobalSection
	GlobalSection(SolutionProperties) = preSolution
		HideSolutionNode = FALSE
	EndGlobalSection
EndGlobal
