
Microsoft Visual Studio Solution File, Format Version 12.00
# Visual Studio 2012
Project("{FAE04EC0-301F-11D3-BF4B-00C04F79EFBC}") = "GSMUI", "GSM.UI\GSMUI.csproj", "{7A4610EB-70D4-465A-A97E-3F17665D737B}"
EndProject
Project("{FAE04EC0-301F-11D3-BF4B-00C04F79EFBC}") = "GSMLib", "GSMLib\GSMLib.csproj", "{46A168B5-8245-477E-80E5-B926DAEA90E4}"
EndProject
Global
	GlobalSection(SolutionConfigurationPlatforms) = preSolution
		Debug|x86 = Debug|x86
		Release|x86 = Release|x86
	EndGlobalSection
	GlobalSection(ProjectConfigurationPlatforms) = postSolution
		{7A4610EB-70D4-465A-A97E-3F17665D737B}.Debug|x86.ActiveCfg = Debug|x86
		{7A4610EB-70D4-465A-A97E-3F17665D737B}.Debug|x86.Build.0 = Debug|x86
		{7A4610EB-70D4-465A-A97E-3F17665D737B}.Release|x86.ActiveCfg = Release|x86
		{7A4610EB-70D4-465A-A97E-3F17665D737B}.Release|x86.Build.0 = Release|x86
		{46A168B5-8245-477E-80E5-B926DAEA90E4}.Debug|x86.ActiveCfg = Debug|x86
		{46A168B5-8245-477E-80E5-B926DAEA90E4}.Debug|x86.Build.0 = Debug|x86
		{46A168B5-8245-477E-80E5-B926DAEA90E4}.Release|x86.ActiveCfg = Release|x86
		{46A168B5-8245-477E-80E5-B926DAEA90E4}.Release|x86.Build.0 = Release|x86
	EndGlobalSection
	GlobalSection(SolutionProperties) = preSolution
		HideSolutionNode = FALSE
	EndGlobalSection
EndGlobal
