
Microsoft Visual Studio Solution File, Format Version 12.00
# Visual Studio 2012
Project("{FAE04EC0-301F-11D3-BF4B-00C04F79EFBC}") = "StudentSystem.Model", "StudentSystem.Model.cs\StudentSystem.Model.csproj", "{4BB0479E-A9E9-48EC-AD61-B6C648FE38C3}"
EndProject
Project("{FAE04EC0-301F-11D3-BF4B-00C04F79EFBC}") = "StudentSystem.Data", "StudentSystem.Data\StudentSystem.Data.csproj", "{169C955C-1809-487E-8DB7-59341780761A}"
EndProject
Project("{FAE04EC0-301F-11D3-BF4B-00C04F79EFBC}") = "StudentSystem.ConsoleClient", "StudentSystem.ConsoleClient\StudentSystem.ConsoleClient.csproj", "{4B445029-1A1E-4877-B7F2-0258CC13754E}"
EndProject
Global
	GlobalSection(SolutionConfigurationPlatforms) = preSolution
		Debug|Any CPU = Debug|Any CPU
		Release|Any CPU = Release|Any CPU
	EndGlobalSection
	GlobalSection(ProjectConfigurationPlatforms) = postSolution
		{4BB0479E-A9E9-48EC-AD61-B6C648FE38C3}.Debug|Any CPU.ActiveCfg = Debug|Any CPU
		{4BB0479E-A9E9-48EC-AD61-B6C648FE38C3}.Debug|Any CPU.Build.0 = Debug|Any CPU
		{4BB0479E-A9E9-48EC-AD61-B6C648FE38C3}.Release|Any CPU.ActiveCfg = Release|Any CPU
		{4BB0479E-A9E9-48EC-AD61-B6C648FE38C3}.Release|Any CPU.Build.0 = Release|Any CPU
		{169C955C-1809-487E-8DB7-59341780761A}.Debug|Any CPU.ActiveCfg = Debug|Any CPU
		{169C955C-1809-487E-8DB7-59341780761A}.Debug|Any CPU.Build.0 = Debug|Any CPU
		{169C955C-1809-487E-8DB7-59341780761A}.Release|Any CPU.ActiveCfg = Release|Any CPU
		{169C955C-1809-487E-8DB7-59341780761A}.Release|Any CPU.Build.0 = Release|Any CPU
		{4B445029-1A1E-4877-B7F2-0258CC13754E}.Debug|Any CPU.ActiveCfg = Debug|Any CPU
		{4B445029-1A1E-4877-B7F2-0258CC13754E}.Debug|Any CPU.Build.0 = Debug|Any CPU
		{4B445029-1A1E-4877-B7F2-0258CC13754E}.Release|Any CPU.ActiveCfg = Release|Any CPU
		{4B445029-1A1E-4877-B7F2-0258CC13754E}.Release|Any CPU.Build.0 = Release|Any CPU
	EndGlobalSection
	GlobalSection(SolutionProperties) = preSolution
		HideSolutionNode = FALSE
	EndGlobalSection
EndGlobal
