
Microsoft Visual Studio Solution File, Format Version 12.00
# Visual Studio 2013
VisualStudioVersion = 12.0.30501.0
MinimumVisualStudioVersion = 10.0.40219.1
Project("{FAE04EC0-301F-11D3-BF4B-00C04F79EFBC}") = "SumAndAverageOfSequence", "1. Sum and Average of Sequence\SumAndAverageOfSequence.csproj", "{E84591D3-F21C-453C-89C8-42979B74DC11}"
EndProject
Project("{FAE04EC0-301F-11D3-BF4B-00C04F79EFBC}") = "ReverseInputWithStack", "2. Reverse Input with Stack\ReverseInputWithStack.csproj", "{2BC396EA-B9D9-47C5-B229-8B9F0F620ADD}"
EndProject
Project("{2150E333-8FDC-42A3-9474-1A3956D46DE8}") = "1", "1", "{895215CA-D22F-4CB1-BB2C-C438EC5FFB62}"
EndProject
Project("{2150E333-8FDC-42A3-9474-1A3956D46DE8}") = "2", "2", "{51DA39BD-949A-463A-B1C2-F3285B6C3D84}"
EndProject
Project("{2150E333-8FDC-42A3-9474-1A3956D46DE8}") = "3", "3", "{CE3C4322-32E4-4E7A-AC5F-A8D7B98FE654}"
EndProject
Project("{FAE04EC0-301F-11D3-BF4B-00C04F79EFBC}") = "SortIntegerList", "3. Sort Integer List\SortIntegerList.csproj", "{BBE2A75E-A8FF-4A56-A60B-C35239DAD575}"
EndProject
Project("{2150E333-8FDC-42A3-9474-1A3956D46DE8}") = "4", "4", "{464CCD57-8AB1-4268-9D18-BA1976D8DCF7}"
EndProject
Project("{FAE04EC0-301F-11D3-BF4B-00C04F79EFBC}") = "LongestEqualSubsequence", "4. Longest Equal Subsequence\LongestEqualSubsequence.csproj", "{3984AC3E-865C-4ABC-AE04-64F3650FDE37}"
EndProject
Project("{FAE04EC0-301F-11D3-BF4B-00C04F79EFBC}") = "LongestEqualSubsequenceTest", "LongestEqualSubsequenceTest\LongestEqualSubsequenceTest.csproj", "{A82ADD70-E440-4816-8159-7C9EE6B06AAD}"
EndProject
Project("{2150E333-8FDC-42A3-9474-1A3956D46DE8}") = "5", "5", "{2234B66F-5C56-49DB-98D8-8428FD523DD9}"
EndProject
Project("{FAE04EC0-301F-11D3-BF4B-00C04F79EFBC}") = "RemoveNegativeNumbers", "5. Remove Negative Numbers\RemoveNegativeNumbers.csproj", "{F5D52948-19C7-4C6F-9EFE-55F31BED24E5}"
EndProject
Project("{2150E333-8FDC-42A3-9474-1A3956D46DE8}") = "6", "6", "{4504B7AA-A343-461C-89ED-25441DAE0941}"
EndProject
Project("{FAE04EC0-301F-11D3-BF4B-00C04F79EFBC}") = "RemoveOddOccurances", "6. Remove Odd Occurances\RemoveOddOccurances.csproj", "{88699D2F-3DA0-4464-B4A3-80201E4E02BE}"
EndProject
Project("{2150E333-8FDC-42A3-9474-1A3956D46DE8}") = "7", "7", "{A028D86C-7893-4820-B2F4-8522088F053F}"
EndProject
Project("{FAE04EC0-301F-11D3-BF4B-00C04F79EFBC}") = "NumberOccurancesInSequence", "7. Number Occurances in Sequence\NumberOccurancesInSequence.csproj", "{026EE20E-54C7-4B48-9DE8-DC04C3FBE465}"
EndProject
Project("{2150E333-8FDC-42A3-9474-1A3956D46DE8}") = "9", "9", "{53008B14-A24C-4EB0-85F2-2C5B7DFB40CF}"
EndProject
Project("{FAE04EC0-301F-11D3-BF4B-00C04F79EFBC}") = "PrintSequenceFromN", "9. Print Sequence From N\PrintSequenceFromN.csproj", "{268E10D4-EDF2-4D93-A10A-E3545407A609}"
EndProject
Project("{2150E333-8FDC-42A3-9474-1A3956D46DE8}") = "11", "11", "{4EC1D4F5-95B2-47A7-8C83-A41BF9EFD2FC}"
EndProject
Project("{FAE04EC0-301F-11D3-BF4B-00C04F79EFBC}") = "LinkedList", "11. Linked List\LinkedList.csproj", "{E80FF4C2-E5A3-4741-BDF9-FD66085E6B7F}"
EndProject
Project("{2150E333-8FDC-42A3-9474-1A3956D46DE8}") = "12", "12", "{30A3BECF-9BB2-4027-B728-F55BE8FC04A9}"
EndProject
Project("{FAE04EC0-301F-11D3-BF4B-00C04F79EFBC}") = "12. ADT Stack", "12. Stack\12. ADT Stack.csproj", "{4E1FD100-0049-4399-978A-C2C2374864D6}"
EndProject
Project("{2150E333-8FDC-42A3-9474-1A3956D46DE8}") = "13", "13", "{87AFA6BE-888A-4A8F-B210-84FC3B2D62A8}"
EndProject
Project("{FAE04EC0-301F-11D3-BF4B-00C04F79EFBC}") = "ADTQueue", "13. ADT Queue\ADTQueue.csproj", "{0B5278B4-53E0-4FDC-866B-0EFE9B754282}"
EndProject
Global
	GlobalSection(SolutionConfigurationPlatforms) = preSolution
		Debug|Any CPU = Debug|Any CPU
		Release|Any CPU = Release|Any CPU
	EndGlobalSection
	GlobalSection(ProjectConfigurationPlatforms) = postSolution
		{E84591D3-F21C-453C-89C8-42979B74DC11}.Debug|Any CPU.ActiveCfg = Debug|Any CPU
		{E84591D3-F21C-453C-89C8-42979B74DC11}.Debug|Any CPU.Build.0 = Debug|Any CPU
		{E84591D3-F21C-453C-89C8-42979B74DC11}.Release|Any CPU.ActiveCfg = Release|Any CPU
		{E84591D3-F21C-453C-89C8-42979B74DC11}.Release|Any CPU.Build.0 = Release|Any CPU
		{2BC396EA-B9D9-47C5-B229-8B9F0F620ADD}.Debug|Any CPU.ActiveCfg = Debug|Any CPU
		{2BC396EA-B9D9-47C5-B229-8B9F0F620ADD}.Debug|Any CPU.Build.0 = Debug|Any CPU
		{2BC396EA-B9D9-47C5-B229-8B9F0F620ADD}.Release|Any CPU.ActiveCfg = Release|Any CPU
		{2BC396EA-B9D9-47C5-B229-8B9F0F620ADD}.Release|Any CPU.Build.0 = Release|Any CPU
		{BBE2A75E-A8FF-4A56-A60B-C35239DAD575}.Debug|Any CPU.ActiveCfg = Debug|Any CPU
		{BBE2A75E-A8FF-4A56-A60B-C35239DAD575}.Debug|Any CPU.Build.0 = Debug|Any CPU
		{BBE2A75E-A8FF-4A56-A60B-C35239DAD575}.Release|Any CPU.ActiveCfg = Release|Any CPU
		{BBE2A75E-A8FF-4A56-A60B-C35239DAD575}.Release|Any CPU.Build.0 = Release|Any CPU
		{3984AC3E-865C-4ABC-AE04-64F3650FDE37}.Debug|Any CPU.ActiveCfg = Debug|Any CPU
		{3984AC3E-865C-4ABC-AE04-64F3650FDE37}.Debug|Any CPU.Build.0 = Debug|Any CPU
		{3984AC3E-865C-4ABC-AE04-64F3650FDE37}.Release|Any CPU.ActiveCfg = Release|Any CPU
		{3984AC3E-865C-4ABC-AE04-64F3650FDE37}.Release|Any CPU.Build.0 = Release|Any CPU
		{A82ADD70-E440-4816-8159-7C9EE6B06AAD}.Debug|Any CPU.ActiveCfg = Debug|Any CPU
		{A82ADD70-E440-4816-8159-7C9EE6B06AAD}.Debug|Any CPU.Build.0 = Debug|Any CPU
		{A82ADD70-E440-4816-8159-7C9EE6B06AAD}.Release|Any CPU.ActiveCfg = Release|Any CPU
		{A82ADD70-E440-4816-8159-7C9EE6B06AAD}.Release|Any CPU.Build.0 = Release|Any CPU
		{F5D52948-19C7-4C6F-9EFE-55F31BED24E5}.Debug|Any CPU.ActiveCfg = Debug|Any CPU
		{F5D52948-19C7-4C6F-9EFE-55F31BED24E5}.Debug|Any CPU.Build.0 = Debug|Any CPU
		{F5D52948-19C7-4C6F-9EFE-55F31BED24E5}.Release|Any CPU.ActiveCfg = Release|Any CPU
		{F5D52948-19C7-4C6F-9EFE-55F31BED24E5}.Release|Any CPU.Build.0 = Release|Any CPU
		{88699D2F-3DA0-4464-B4A3-80201E4E02BE}.Debug|Any CPU.ActiveCfg = Debug|Any CPU
		{88699D2F-3DA0-4464-B4A3-80201E4E02BE}.Debug|Any CPU.Build.0 = Debug|Any CPU
		{88699D2F-3DA0-4464-B4A3-80201E4E02BE}.Release|Any CPU.ActiveCfg = Release|Any CPU
		{88699D2F-3DA0-4464-B4A3-80201E4E02BE}.Release|Any CPU.Build.0 = Release|Any CPU
		{026EE20E-54C7-4B48-9DE8-DC04C3FBE465}.Debug|Any CPU.ActiveCfg = Debug|Any CPU
		{026EE20E-54C7-4B48-9DE8-DC04C3FBE465}.Debug|Any CPU.Build.0 = Debug|Any CPU
		{026EE20E-54C7-4B48-9DE8-DC04C3FBE465}.Release|Any CPU.ActiveCfg = Release|Any CPU
		{026EE20E-54C7-4B48-9DE8-DC04C3FBE465}.Release|Any CPU.Build.0 = Release|Any CPU
		{268E10D4-EDF2-4D93-A10A-E3545407A609}.Debug|Any CPU.ActiveCfg = Debug|Any CPU
		{268E10D4-EDF2-4D93-A10A-E3545407A609}.Debug|Any CPU.Build.0 = Debug|Any CPU
		{268E10D4-EDF2-4D93-A10A-E3545407A609}.Release|Any CPU.ActiveCfg = Release|Any CPU
		{268E10D4-EDF2-4D93-A10A-E3545407A609}.Release|Any CPU.Build.0 = Release|Any CPU
		{E80FF4C2-E5A3-4741-BDF9-FD66085E6B7F}.Debug|Any CPU.ActiveCfg = Debug|Any CPU
		{E80FF4C2-E5A3-4741-BDF9-FD66085E6B7F}.Debug|Any CPU.Build.0 = Debug|Any CPU
		{E80FF4C2-E5A3-4741-BDF9-FD66085E6B7F}.Release|Any CPU.ActiveCfg = Release|Any CPU
		{E80FF4C2-E5A3-4741-BDF9-FD66085E6B7F}.Release|Any CPU.Build.0 = Release|Any CPU
		{4E1FD100-0049-4399-978A-C2C2374864D6}.Debug|Any CPU.ActiveCfg = Debug|Any CPU
		{4E1FD100-0049-4399-978A-C2C2374864D6}.Debug|Any CPU.Build.0 = Debug|Any CPU
		{4E1FD100-0049-4399-978A-C2C2374864D6}.Release|Any CPU.ActiveCfg = Release|Any CPU
		{4E1FD100-0049-4399-978A-C2C2374864D6}.Release|Any CPU.Build.0 = Release|Any CPU
		{0B5278B4-53E0-4FDC-866B-0EFE9B754282}.Debug|Any CPU.ActiveCfg = Debug|Any CPU
		{0B5278B4-53E0-4FDC-866B-0EFE9B754282}.Debug|Any CPU.Build.0 = Debug|Any CPU
		{0B5278B4-53E0-4FDC-866B-0EFE9B754282}.Release|Any CPU.ActiveCfg = Release|Any CPU
		{0B5278B4-53E0-4FDC-866B-0EFE9B754282}.Release|Any CPU.Build.0 = Release|Any CPU
	EndGlobalSection
	GlobalSection(SolutionProperties) = preSolution
		HideSolutionNode = FALSE
	EndGlobalSection
	GlobalSection(NestedProjects) = preSolution
		{E84591D3-F21C-453C-89C8-42979B74DC11} = {895215CA-D22F-4CB1-BB2C-C438EC5FFB62}
		{2BC396EA-B9D9-47C5-B229-8B9F0F620ADD} = {51DA39BD-949A-463A-B1C2-F3285B6C3D84}
		{BBE2A75E-A8FF-4A56-A60B-C35239DAD575} = {CE3C4322-32E4-4E7A-AC5F-A8D7B98FE654}
		{3984AC3E-865C-4ABC-AE04-64F3650FDE37} = {464CCD57-8AB1-4268-9D18-BA1976D8DCF7}
		{A82ADD70-E440-4816-8159-7C9EE6B06AAD} = {464CCD57-8AB1-4268-9D18-BA1976D8DCF7}
		{F5D52948-19C7-4C6F-9EFE-55F31BED24E5} = {2234B66F-5C56-49DB-98D8-8428FD523DD9}
		{88699D2F-3DA0-4464-B4A3-80201E4E02BE} = {4504B7AA-A343-461C-89ED-25441DAE0941}
		{026EE20E-54C7-4B48-9DE8-DC04C3FBE465} = {A028D86C-7893-4820-B2F4-8522088F053F}
		{268E10D4-EDF2-4D93-A10A-E3545407A609} = {53008B14-A24C-4EB0-85F2-2C5B7DFB40CF}
		{E80FF4C2-E5A3-4741-BDF9-FD66085E6B7F} = {4EC1D4F5-95B2-47A7-8C83-A41BF9EFD2FC}
		{4E1FD100-0049-4399-978A-C2C2374864D6} = {30A3BECF-9BB2-4027-B728-F55BE8FC04A9}
		{0B5278B4-53E0-4FDC-866B-0EFE9B754282} = {87AFA6BE-888A-4A8F-B210-84FC3B2D62A8}
	EndGlobalSection
EndGlobal
