
Microsoft Visual Studio Solution File, Format Version 12.00
# Visual Studio 2013
VisualStudioVersion = 12.0.30501.0
MinimumVisualStudioVersion = 10.0.40219.1
Project("{FAE04EC0-301F-11D3-BF4B-00C04F79EFBC}") = "Salaries", "Salaries\Salaries.csproj", "{7A84416A-A46E-4354-AA8C-51A91C6D2700}"
EndProject
Project("{FAE04EC0-301F-11D3-BF4B-00C04F79EFBC}") = "FriendsOfPesho", "FriendsOfPesho\FriendsOfPesho.csproj", "{93719CBF-01B9-426E-8F37-829D39BDE3D8}"
EndProject
Project("{FAE04EC0-301F-11D3-BF4B-00C04F79EFBC}") = "CableTVCompany", "CableTVCompany\CableTVCompany.csproj", "{96E67D11-4978-417E-91DE-13AC5F6F4D20}"
EndProject
Global
	GlobalSection(SolutionConfigurationPlatforms) = preSolution
		Debug|Any CPU = Debug|Any CPU
		Release|Any CPU = Release|Any CPU
	EndGlobalSection
	GlobalSection(ProjectConfigurationPlatforms) = postSolution
		{7A84416A-A46E-4354-AA8C-51A91C6D2700}.Debug|Any CPU.ActiveCfg = Debug|Any CPU
		{7A84416A-A46E-4354-AA8C-51A91C6D2700}.Debug|Any CPU.Build.0 = Debug|Any CPU
		{7A84416A-A46E-4354-AA8C-51A91C6D2700}.Release|Any CPU.ActiveCfg = Release|Any CPU
		{7A84416A-A46E-4354-AA8C-51A91C6D2700}.Release|Any CPU.Build.0 = Release|Any CPU
		{93719CBF-01B9-426E-8F37-829D39BDE3D8}.Debug|Any CPU.ActiveCfg = Debug|Any CPU
		{93719CBF-01B9-426E-8F37-829D39BDE3D8}.Debug|Any CPU.Build.0 = Debug|Any CPU
		{93719CBF-01B9-426E-8F37-829D39BDE3D8}.Release|Any CPU.ActiveCfg = Release|Any CPU
		{93719CBF-01B9-426E-8F37-829D39BDE3D8}.Release|Any CPU.Build.0 = Release|Any CPU
		{96E67D11-4978-417E-91DE-13AC5F6F4D20}.Debug|Any CPU.ActiveCfg = Debug|Any CPU
		{96E67D11-4978-417E-91DE-13AC5F6F4D20}.Debug|Any CPU.Build.0 = Debug|Any CPU
		{96E67D11-4978-417E-91DE-13AC5F6F4D20}.Release|Any CPU.ActiveCfg = Release|Any CPU
		{96E67D11-4978-417E-91DE-13AC5F6F4D20}.Release|Any CPU.Build.0 = Release|Any CPU
	EndGlobalSection
	GlobalSection(SolutionProperties) = preSolution
		HideSolutionNode = FALSE
	EndGlobalSection
EndGlobal
