
Microsoft Visual Studio Solution File, Format Version 12.00
# Visual Studio 2013
VisualStudioVersion = 12.0.30501.0
MinimumVisualStudioVersion = 10.0.40219.1
Project("{FAE04EC0-301F-11D3-BF4B-00C04F79EFBC}") = "QueensProblem", "QueensProblem\QueensProblem.csproj", "{E576526B-30A6-4146-BFDA-27FF51A4DA38}"
EndProject
Global
	GlobalSection(SolutionConfigurationPlatforms) = preSolution
		Debug|Any CPU = Debug|Any CPU
		Release|Any CPU = Release|Any CPU
	EndGlobalSection
	GlobalSection(ProjectConfigurationPlatforms) = postSolution
		{E576526B-30A6-4146-BFDA-27FF51A4DA38}.Debug|Any CPU.ActiveCfg = Debug|Any CPU
		{E576526B-30A6-4146-BFDA-27FF51A4DA38}.Debug|Any CPU.Build.0 = Debug|Any CPU
		{E576526B-30A6-4146-BFDA-27FF51A4DA38}.Release|Any CPU.ActiveCfg = Release|Any CPU
		{E576526B-30A6-4146-BFDA-27FF51A4DA38}.Release|Any CPU.Build.0 = Release|Any CPU
	EndGlobalSection
	GlobalSection(SolutionProperties) = preSolution
		HideSolutionNode = FALSE
	EndGlobalSection
EndGlobal
