
Microsoft Visual Studio Solution File, Format Version 12.00
# Visual Studio 2013
VisualStudioVersion = 12.0.20617.1 PREVIEW
MinimumVisualStudioVersion = 10.0.40219.1
Project("{FAE04EC0-301F-11D3-BF4B-00C04F79EFBC}") = "01. CalcAndPrintSqrtOfReadInt", "01. CalcAndPrintSqrtOfReadInt\01. CalcAndPrintSqrtOfReadInt.csproj", "{75842AD0-7754-4DFA-B51C-83B95F9127F2}"
EndProject
Project("{FAE04EC0-301F-11D3-BF4B-00C04F79EFBC}") = "02. ReadTenNumsFromOneToHundred", "02. ReadTenNumsFromOneToHundred\02. ReadTenNumsFromOneToHundred.csproj", "{13BCEAE0-2019-4A5E-8E93-F62B864F9A0C}"
EndProject
Project("{FAE04EC0-301F-11D3-BF4B-00C04F79EFBC}") = "03. PrintFileContents", "03. PrintFileContents\03. PrintFileContents.csproj", "{742AB7F3-54CC-4DCC-A391-B8B721D51BE6}"
EndProject
Project("{FAE04EC0-301F-11D3-BF4B-00C04F79EFBC}") = "04. DownloadFileToCurrentDir", "04. DownloadFileToCurrentDir\04. DownloadFileToCurrentDir.csproj", "{61523B14-E3F0-4E69-83D2-08D68F625816}"
EndProject
Global
	GlobalSection(SolutionConfigurationPlatforms) = preSolution
		Debug|Any CPU = Debug|Any CPU
		Release|Any CPU = Release|Any CPU
	EndGlobalSection
	GlobalSection(ProjectConfigurationPlatforms) = postSolution
		{75842AD0-7754-4DFA-B51C-83B95F9127F2}.Debug|Any CPU.ActiveCfg = Debug|Any CPU
		{75842AD0-7754-4DFA-B51C-83B95F9127F2}.Debug|Any CPU.Build.0 = Debug|Any CPU
		{75842AD0-7754-4DFA-B51C-83B95F9127F2}.Release|Any CPU.ActiveCfg = Release|Any CPU
		{75842AD0-7754-4DFA-B51C-83B95F9127F2}.Release|Any CPU.Build.0 = Release|Any CPU
		{13BCEAE0-2019-4A5E-8E93-F62B864F9A0C}.Debug|Any CPU.ActiveCfg = Debug|Any CPU
		{13BCEAE0-2019-4A5E-8E93-F62B864F9A0C}.Debug|Any CPU.Build.0 = Debug|Any CPU
		{13BCEAE0-2019-4A5E-8E93-F62B864F9A0C}.Release|Any CPU.ActiveCfg = Release|Any CPU
		{13BCEAE0-2019-4A5E-8E93-F62B864F9A0C}.Release|Any CPU.Build.0 = Release|Any CPU
		{742AB7F3-54CC-4DCC-A391-B8B721D51BE6}.Debug|Any CPU.ActiveCfg = Debug|Any CPU
		{742AB7F3-54CC-4DCC-A391-B8B721D51BE6}.Debug|Any CPU.Build.0 = Debug|Any CPU
		{742AB7F3-54CC-4DCC-A391-B8B721D51BE6}.Release|Any CPU.ActiveCfg = Release|Any CPU
		{742AB7F3-54CC-4DCC-A391-B8B721D51BE6}.Release|Any CPU.Build.0 = Release|Any CPU
		{61523B14-E3F0-4E69-83D2-08D68F625816}.Debug|Any CPU.ActiveCfg = Debug|Any CPU
		{61523B14-E3F0-4E69-83D2-08D68F625816}.Debug|Any CPU.Build.0 = Debug|Any CPU
		{61523B14-E3F0-4E69-83D2-08D68F625816}.Release|Any CPU.ActiveCfg = Release|Any CPU
		{61523B14-E3F0-4E69-83D2-08D68F625816}.Release|Any CPU.Build.0 = Release|Any CPU
	EndGlobalSection
	GlobalSection(SolutionProperties) = preSolution
		HideSolutionNode = FALSE
	EndGlobalSection
EndGlobal
