
Microsoft Visual Studio Solution File, Format Version 12.00
# Visual Studio 2013
VisualStudioVersion = 12.0.30501.0
MinimumVisualStudioVersion = 10.0.40219.1
Project("{FAE04EC0-301F-11D3-BF4B-00C04F79EFBC}") = "Cars.Models", "Cars.Models\Cars.Models.csproj", "{71272C7A-C008-4D2C-9AA3-E6E1258B0C24}"
EndProject
Project("{FAE04EC0-301F-11D3-BF4B-00C04F79EFBC}") = "Cars.Data", "Cars.Data\Cars.Data.csproj", "{78600FBC-E062-4060-B2A7-0452C79DD6DA}"
EndProject
Project("{FAE04EC0-301F-11D3-BF4B-00C04F79EFBC}") = "Cars.JsonImporter", "Cars.JsonImporter\Cars.JsonImporter.csproj", "{D3329A65-69E4-4C99-8933-B1C19FB21002}"
EndProject
Global
	GlobalSection(SolutionConfigurationPlatforms) = preSolution
		Debug|Any CPU = Debug|Any CPU
		Release|Any CPU = Release|Any CPU
	EndGlobalSection
	GlobalSection(ProjectConfigurationPlatforms) = postSolution
		{71272C7A-C008-4D2C-9AA3-E6E1258B0C24}.Debug|Any CPU.ActiveCfg = Debug|Any CPU
		{71272C7A-C008-4D2C-9AA3-E6E1258B0C24}.Debug|Any CPU.Build.0 = Debug|Any CPU
		{71272C7A-C008-4D2C-9AA3-E6E1258B0C24}.Release|Any CPU.ActiveCfg = Release|Any CPU
		{71272C7A-C008-4D2C-9AA3-E6E1258B0C24}.Release|Any CPU.Build.0 = Release|Any CPU
		{78600FBC-E062-4060-B2A7-0452C79DD6DA}.Debug|Any CPU.ActiveCfg = Debug|Any CPU
		{78600FBC-E062-4060-B2A7-0452C79DD6DA}.Debug|Any CPU.Build.0 = Debug|Any CPU
		{78600FBC-E062-4060-B2A7-0452C79DD6DA}.Release|Any CPU.ActiveCfg = Release|Any CPU
		{78600FBC-E062-4060-B2A7-0452C79DD6DA}.Release|Any CPU.Build.0 = Release|Any CPU
		{D3329A65-69E4-4C99-8933-B1C19FB21002}.Debug|Any CPU.ActiveCfg = Debug|Any CPU
		{D3329A65-69E4-4C99-8933-B1C19FB21002}.Debug|Any CPU.Build.0 = Debug|Any CPU
		{D3329A65-69E4-4C99-8933-B1C19FB21002}.Release|Any CPU.ActiveCfg = Release|Any CPU
		{D3329A65-69E4-4C99-8933-B1C19FB21002}.Release|Any CPU.Build.0 = Release|Any CPU
	EndGlobalSection
	GlobalSection(SolutionProperties) = preSolution
		HideSolutionNode = FALSE
	EndGlobalSection
EndGlobal
