
Microsoft Visual Studio Solution File, Format Version 12.00
# Visual Studio 2013
VisualStudioVersion = 12.0.30501.0
MinimumVisualStudioVersion = 10.0.40219.1
Project("{2150E333-8FDC-42A3-9474-1A3956D46DE8}") = "DictionariesHashtablesAndSets.Utils", "DictionariesHashtablesAndSets.Utils", "{DE3628BD-05F1-4849-A0CF-2FEFC2A9BC3C}"
EndProject
Project("{2150E333-8FDC-42A3-9474-1A3956D46DE8}") = "DictionariesHashtablesAndSets.Tasks", "DictionariesHashtablesAndSets.Tasks", "{59038FD9-3818-43D9-8DE0-96CE232BE6D8}"
EndProject
Project("{2150E333-8FDC-42A3-9474-1A3956D46DE8}") = "1", "1", "{E4998F55-D745-4D1A-9423-7C1505AD48A4}"
EndProject
Project("{FAE04EC0-301F-11D3-BF4B-00C04F79EFBC}") = "NumberOfOccurancesInSequence", "NumberOfOccurancesInSequence\NumberOfOccurancesInSequence.csproj", "{3B6EC629-782E-42C3-A284-E8E03F38553A}"
EndProject
Project("{FAE04EC0-301F-11D3-BF4B-00C04F79EFBC}") = "Utils", "DictionariesHashtablesAndSets.Utils\Utils.csproj", "{37341CED-A02B-4AD0-9337-CCCF8794FCEA}"
EndProject
Project("{2150E333-8FDC-42A3-9474-1A3956D46DE8}") = "2", "2", "{25ECF97B-0F2A-4613-89CF-767C24351F45}"
EndProject
Project("{FAE04EC0-301F-11D3-BF4B-00C04F79EFBC}") = "ExtractOddNumberOfElements", "ExtractOddNumberOfElements\ExtractOddNumberOfElements.csproj", "{390F7644-4D6F-4AF9-9DC8-120D96731C81}"
EndProject
Project("{2150E333-8FDC-42A3-9474-1A3956D46DE8}") = "3", "3", "{F0F4D653-8855-465A-9051-E4E1E30548D1}"
EndProject
Project("{FAE04EC0-301F-11D3-BF4B-00C04F79EFBC}") = "WordCount", "WordCount\WordCount.csproj", "{AF4D50E8-4F14-4AA7-B135-DB301CCD5851}"
EndProject
Project("{2150E333-8FDC-42A3-9474-1A3956D46DE8}") = "4", "4", "{22283223-6780-4F0A-BD92-8C48B42AFA78}"
EndProject
Project("{2150E333-8FDC-42A3-9474-1A3956D46DE8}") = "5", "5", "{F7A44C64-12C5-404D-82C4-EA10B43FEB7E}"
EndProject
Project("{FAE04EC0-301F-11D3-BF4B-00C04F79EFBC}") = "CustomHashTable", "CustomHashTable\CustomHashTable.csproj", "{D2088A64-0F0A-4ED6-B979-7E42AEFD39D1}"
EndProject
Project("{FAE04EC0-301F-11D3-BF4B-00C04F79EFBC}") = "CustomHashSet", "CustomHashSet\CustomHashSet.csproj", "{56E84D24-835A-48DB-B534-5880AA6F8AD2}"
EndProject
Global
	GlobalSection(SolutionConfigurationPlatforms) = preSolution
		Debug|Any CPU = Debug|Any CPU
		Release|Any CPU = Release|Any CPU
	EndGlobalSection
	GlobalSection(ProjectConfigurationPlatforms) = postSolution
		{3B6EC629-782E-42C3-A284-E8E03F38553A}.Debug|Any CPU.ActiveCfg = Debug|Any CPU
		{3B6EC629-782E-42C3-A284-E8E03F38553A}.Debug|Any CPU.Build.0 = Debug|Any CPU
		{3B6EC629-782E-42C3-A284-E8E03F38553A}.Release|Any CPU.ActiveCfg = Release|Any CPU
		{3B6EC629-782E-42C3-A284-E8E03F38553A}.Release|Any CPU.Build.0 = Release|Any CPU
		{37341CED-A02B-4AD0-9337-CCCF8794FCEA}.Debug|Any CPU.ActiveCfg = Debug|Any CPU
		{37341CED-A02B-4AD0-9337-CCCF8794FCEA}.Debug|Any CPU.Build.0 = Debug|Any CPU
		{37341CED-A02B-4AD0-9337-CCCF8794FCEA}.Release|Any CPU.ActiveCfg = Release|Any CPU
		{37341CED-A02B-4AD0-9337-CCCF8794FCEA}.Release|Any CPU.Build.0 = Release|Any CPU
		{390F7644-4D6F-4AF9-9DC8-120D96731C81}.Debug|Any CPU.ActiveCfg = Debug|Any CPU
		{390F7644-4D6F-4AF9-9DC8-120D96731C81}.Debug|Any CPU.Build.0 = Debug|Any CPU
		{390F7644-4D6F-4AF9-9DC8-120D96731C81}.Release|Any CPU.ActiveCfg = Release|Any CPU
		{390F7644-4D6F-4AF9-9DC8-120D96731C81}.Release|Any CPU.Build.0 = Release|Any CPU
		{AF4D50E8-4F14-4AA7-B135-DB301CCD5851}.Debug|Any CPU.ActiveCfg = Debug|Any CPU
		{AF4D50E8-4F14-4AA7-B135-DB301CCD5851}.Debug|Any CPU.Build.0 = Debug|Any CPU
		{AF4D50E8-4F14-4AA7-B135-DB301CCD5851}.Release|Any CPU.ActiveCfg = Release|Any CPU
		{AF4D50E8-4F14-4AA7-B135-DB301CCD5851}.Release|Any CPU.Build.0 = Release|Any CPU
		{D2088A64-0F0A-4ED6-B979-7E42AEFD39D1}.Debug|Any CPU.ActiveCfg = Debug|Any CPU
		{D2088A64-0F0A-4ED6-B979-7E42AEFD39D1}.Debug|Any CPU.Build.0 = Debug|Any CPU
		{D2088A64-0F0A-4ED6-B979-7E42AEFD39D1}.Release|Any CPU.ActiveCfg = Release|Any CPU
		{D2088A64-0F0A-4ED6-B979-7E42AEFD39D1}.Release|Any CPU.Build.0 = Release|Any CPU
		{56E84D24-835A-48DB-B534-5880AA6F8AD2}.Debug|Any CPU.ActiveCfg = Debug|Any CPU
		{56E84D24-835A-48DB-B534-5880AA6F8AD2}.Debug|Any CPU.Build.0 = Debug|Any CPU
		{56E84D24-835A-48DB-B534-5880AA6F8AD2}.Release|Any CPU.ActiveCfg = Release|Any CPU
		{56E84D24-835A-48DB-B534-5880AA6F8AD2}.Release|Any CPU.Build.0 = Release|Any CPU
	EndGlobalSection
	GlobalSection(SolutionProperties) = preSolution
		HideSolutionNode = FALSE
	EndGlobalSection
	GlobalSection(NestedProjects) = preSolution
		{E4998F55-D745-4D1A-9423-7C1505AD48A4} = {59038FD9-3818-43D9-8DE0-96CE232BE6D8}
		{3B6EC629-782E-42C3-A284-E8E03F38553A} = {E4998F55-D745-4D1A-9423-7C1505AD48A4}
		{37341CED-A02B-4AD0-9337-CCCF8794FCEA} = {DE3628BD-05F1-4849-A0CF-2FEFC2A9BC3C}
		{25ECF97B-0F2A-4613-89CF-767C24351F45} = {59038FD9-3818-43D9-8DE0-96CE232BE6D8}
		{390F7644-4D6F-4AF9-9DC8-120D96731C81} = {25ECF97B-0F2A-4613-89CF-767C24351F45}
		{F0F4D653-8855-465A-9051-E4E1E30548D1} = {59038FD9-3818-43D9-8DE0-96CE232BE6D8}
		{AF4D50E8-4F14-4AA7-B135-DB301CCD5851} = {F0F4D653-8855-465A-9051-E4E1E30548D1}
		{22283223-6780-4F0A-BD92-8C48B42AFA78} = {59038FD9-3818-43D9-8DE0-96CE232BE6D8}
		{F7A44C64-12C5-404D-82C4-EA10B43FEB7E} = {59038FD9-3818-43D9-8DE0-96CE232BE6D8}
		{D2088A64-0F0A-4ED6-B979-7E42AEFD39D1} = {22283223-6780-4F0A-BD92-8C48B42AFA78}
		{56E84D24-835A-48DB-B534-5880AA6F8AD2} = {F7A44C64-12C5-404D-82C4-EA10B43FEB7E}
	EndGlobalSection
EndGlobal
